Microsoft Visual Studio Solution File, Format Version 12.00
# Visual Studio Version 17
VisualStudioVersion = 17.5.2.0
MinimumVisualStudioVersion = 10.0.40219.1
Project("{FAE04EC0-301F-11D3-BF4B-00C04F79EFBC}") = "ClassRoomClone_App.Server", "ClassRoomClone_App.Server.csproj", "{9514903A-3168-C717-7650-D808FA6D7AB7}"
EndProject
Global
	GlobalSection(SolutionConfigurationPlatforms) = preSolution
		Debug|Any CPU = Debug|Any CPU
		Release|Any CPU = Release|Any CPU
	EndGlobalSection
	GlobalSection(ProjectConfigurationPlatforms) = postSolution
		{9514903A-3168-C717-7650-D808FA6D7AB7}.Debug|Any CPU.ActiveCfg = Debug|Any CPU
		{9514903A-3168-C717-7650-D808FA6D7AB7}.Debug|Any CPU.Build.0 = Debug|Any CPU
		{9514903A-3168-C717-7650-D808FA6D7AB7}.Release|Any CPU.ActiveCfg = Release|Any CPU
		{9514903A-3168-C717-7650-D808FA6D7AB7}.Release|Any CPU.Build.0 = Release|Any CPU
	EndGlobalSection
	GlobalSection(SolutionProperties) = preSolution
		HideSolutionNode = FALSE
	EndGlobalSection
	GlobalSection(ExtensibilityGlobals) = postSolution
		SolutionGuid = {BD851BC8-0A5D-4162-9E8F-A27BA91E517A}
	EndGlobalSection
EndGlobal
